
Microsoft Visual Studio Solution File, Format Version 12.00
# Visual Studio Version 17
VisualStudioVersion = 17.13.35931.197 d17.13
MinimumVisualStudioVersion = 10.0.40219.1
Project("{FAE04EC0-301F-11D3-BF4B-00C04F79EFBC}") = "Text_to_QR", "Text_to_QR.csproj", "{21A53E3F-B292-401A-814C-3BC8983B9740}"
EndProject
Global
	GlobalSection(SolutionConfigurationPlatforms) = preSolution
		Debug|Any CPU = Debug|Any CPU
		Release|Any CPU = Release|Any CPU
	EndGlobalSection
	GlobalSection(ProjectConfigurationPlatforms) = postSolution
		{21A53E3F-B292-401A-814C-3BC8983B9740}.Debug|Any CPU.ActiveCfg = Debug|Any CPU
		{21A53E3F-B292-401A-814C-3BC8983B9740}.Debug|Any CPU.Build.0 = Debug|Any CPU
		{21A53E3F-B292-401A-814C-3BC8983B9740}.Release|Any CPU.ActiveCfg = Release|Any CPU
		{21A53E3F-B292-401A-814C-3BC8983B9740}.Release|Any CPU.Build.0 = Release|Any CPU
	EndGlobalSection
	GlobalSection(SolutionProperties) = preSolution
		HideSolutionNode = FALSE
	EndGlobalSection
	GlobalSection(ExtensibilityGlobals) = postSolution
		SolutionGuid = {C2BB7272-DEF0-4740-92AF-6BBC70D5686F}
	EndGlobalSection
EndGlobal
